
Microsoft Visual Studio Solution File, Format Version 12.00
# Visual Studio Version 16
VisualStudioVersion = 16.0.29209.62
MinimumVisualStudioVersion = 10.0.40219.1
Project("{9A19103F-16F7-4668-BE54-9A1E7A4F7556}") = "chatbot-api-master", "chatbot-api-master\chatbot-api-master.csproj", "{9BA3FCE0-32D7-443B-84F3-33B43A2D70AA}"
EndProject
Project("{FAE04EC0-301F-11D3-BF4B-00C04F79EFBC}") = "chatbot-api-business-layer", "chatbot-api-business-layer\chatbot-api-business-layer.csproj", "{57EC503B-7C44-4443-812A-9C9717076BD2}"
EndProject
Project("{FAE04EC0-301F-11D3-BF4B-00C04F79EFBC}") = "chatbot-api-data-layer", "chatbot-api-data-layer\chatbot-api-data-layer.csproj", "{9A970768-8F31-493E-AFF1-D368D4E831CC}"
EndProject
Global
	GlobalSection(SolutionConfigurationPlatforms) = preSolution
		Debug|Any CPU = Debug|Any CPU
		Release|Any CPU = Release|Any CPU
	EndGlobalSection
	GlobalSection(ProjectConfigurationPlatforms) = postSolution
		{9BA3FCE0-32D7-443B-84F3-33B43A2D70AA}.Debug|Any CPU.ActiveCfg = Debug|Any CPU
		{9BA3FCE0-32D7-443B-84F3-33B43A2D70AA}.Debug|Any CPU.Build.0 = Debug|Any CPU
		{9BA3FCE0-32D7-443B-84F3-33B43A2D70AA}.Release|Any CPU.ActiveCfg = Release|Any CPU
		{9BA3FCE0-32D7-443B-84F3-33B43A2D70AA}.Release|Any CPU.Build.0 = Release|Any CPU
		{57EC503B-7C44-4443-812A-9C9717076BD2}.Debug|Any CPU.ActiveCfg = Debug|Any CPU
		{57EC503B-7C44-4443-812A-9C9717076BD2}.Debug|Any CPU.Build.0 = Debug|Any CPU
		{57EC503B-7C44-4443-812A-9C9717076BD2}.Release|Any CPU.ActiveCfg = Release|Any CPU
		{57EC503B-7C44-4443-812A-9C9717076BD2}.Release|Any CPU.Build.0 = Release|Any CPU
		{9A970768-8F31-493E-AFF1-D368D4E831CC}.Debug|Any CPU.ActiveCfg = Debug|Any CPU
		{9A970768-8F31-493E-AFF1-D368D4E831CC}.Debug|Any CPU.Build.0 = Debug|Any CPU
		{9A970768-8F31-493E-AFF1-D368D4E831CC}.Release|Any CPU.ActiveCfg = Release|Any CPU
		{9A970768-8F31-493E-AFF1-D368D4E831CC}.Release|Any CPU.Build.0 = Release|Any CPU
	EndGlobalSection
	GlobalSection(SolutionProperties) = preSolution
		HideSolutionNode = FALSE
	EndGlobalSection
	GlobalSection(ExtensibilityGlobals) = postSolution
		SolutionGuid = {570CDD96-7386-42D8-B848-C164449A6E0E}
	EndGlobalSection
EndGlobal
